{
  "requires": true,
  "lockfileVersion": 1,
  "dependencies": {
    "roundtable-js": {
      "version": "0.1.2",
      "resolved": "https://registry.npmjs.org/roundtable-js/-/roundtable-js-0.1.2.tgz",
      "integrity": "sha512-NUwDx3uARQFXjNUy8ZpW6GaQYQsj4sJm4sBateyNrGY7B8dT1NKdiu8886hwwm52bNH1LLX27hxcJK/O8etnFg=="
    }
  }
}
